
Microsoft Visual Studio Solution File, Format Version 12.00
# Visual Studio Version 17
VisualStudioVersion = 17.14.36414.22
MinimumVisualStudioVersion = 10.0.40219.1
Project("{FAE04EC0-301F-11D3-BF4B-00C04F79EFBC}") = "TaskManager.Domain", "src\TaskManager.Domain\TaskManager.Domain.csproj", "{4D6C61B7-9CAF-4C29-8167-D636A855C57E}"
EndProject
Project("{2150E333-8FDC-42A3-9474-1A3956D46DE8}") = "src", "src", "{02EA681E-C7D8-13C7-8484-4AC65E1B71E8}"
EndProject
Project("{2150E333-8FDC-42A3-9474-1A3956D46DE8}") = "tests", "tests", "{6919D398-071A-4D7B-B079-0AF9BF0AD558}"
EndProject
Project("{FAE04EC0-301F-11D3-BF4B-00C04F79EFBC}") = "TaskManager.UnitTests", "tests\TaskManager.UnitTests\TaskManager.UnitTests.csproj", "{E5BAAF55-5C9B-45EA-87A3-8027332FA92B}"
EndProject
Project("{FAE04EC0-301F-11D3-BF4B-00C04F79EFBC}") = "TaskManager.Application", "src\TaskManager.Application\TaskManager.Application.csproj", "{B45ADE6A-4E09-44AB-B077-CD8984A755FA}"
EndProject
Project("{FAE04EC0-301F-11D3-BF4B-00C04F79EFBC}") = "TaskManager.Infrastructure", "src\TaskManager.Infrastructure\TaskManager.Infrastructure.csproj", "{ADC73CA6-37CC-42F6-9E04-3D1510C569A6}"
EndProject
Project("{FAE04EC0-301F-11D3-BF4B-00C04F79EFBC}") = "TaskManager.ArchitectureTests", "tests\TaskManager.ArchitectureTests\TaskManager.ArchitectureTests.csproj", "{03693D7F-39D1-43E1-B6EF-3CE43E253CAE}"
EndProject
Project("{FAE04EC0-301F-11D3-BF4B-00C04F79EFBC}") = "TaskManager.Api", "src\TaskManager.Api\TaskManager.Api.csproj", "{656DEA38-FD97-4F15-BB1C-3526EC533F8D}"
EndProject
Global
	GlobalSection(SolutionConfigurationPlatforms) = preSolution
		Debug|Any CPU = Debug|Any CPU
		Release|Any CPU = Release|Any CPU
	EndGlobalSection
	GlobalSection(ProjectConfigurationPlatforms) = postSolution
		{4D6C61B7-9CAF-4C29-8167-D636A855C57E}.Debug|Any CPU.ActiveCfg = Debug|Any CPU
		{4D6C61B7-9CAF-4C29-8167-D636A855C57E}.Debug|Any CPU.Build.0 = Debug|Any CPU
		{4D6C61B7-9CAF-4C29-8167-D636A855C57E}.Release|Any CPU.ActiveCfg = Release|Any CPU
		{4D6C61B7-9CAF-4C29-8167-D636A855C57E}.Release|Any CPU.Build.0 = Release|Any CPU
		{E5BAAF55-5C9B-45EA-87A3-8027332FA92B}.Debug|Any CPU.ActiveCfg = Debug|Any CPU
		{E5BAAF55-5C9B-45EA-87A3-8027332FA92B}.Debug|Any CPU.Build.0 = Debug|Any CPU
		{E5BAAF55-5C9B-45EA-87A3-8027332FA92B}.Release|Any CPU.ActiveCfg = Release|Any CPU
		{E5BAAF55-5C9B-45EA-87A3-8027332FA92B}.Release|Any CPU.Build.0 = Release|Any CPU
		{B45ADE6A-4E09-44AB-B077-CD8984A755FA}.Debug|Any CPU.ActiveCfg = Debug|Any CPU
		{B45ADE6A-4E09-44AB-B077-CD8984A755FA}.Debug|Any CPU.Build.0 = Debug|Any CPU
		{B45ADE6A-4E09-44AB-B077-CD8984A755FA}.Release|Any CPU.ActiveCfg = Release|Any CPU
		{B45ADE6A-4E09-44AB-B077-CD8984A755FA}.Release|Any CPU.Build.0 = Release|Any CPU
		{ADC73CA6-37CC-42F6-9E04-3D1510C569A6}.Debug|Any CPU.ActiveCfg = Debug|Any CPU
		{ADC73CA6-37CC-42F6-9E04-3D1510C569A6}.Debug|Any CPU.Build.0 = Debug|Any CPU
		{ADC73CA6-37CC-42F6-9E04-3D1510C569A6}.Release|Any CPU.ActiveCfg = Release|Any CPU
		{ADC73CA6-37CC-42F6-9E04-3D1510C569A6}.Release|Any CPU.Build.0 = Release|Any CPU
		{03693D7F-39D1-43E1-B6EF-3CE43E253CAE}.Debug|Any CPU.ActiveCfg = Debug|Any CPU
		{03693D7F-39D1-43E1-B6EF-3CE43E253CAE}.Debug|Any CPU.Build.0 = Debug|Any CPU
		{03693D7F-39D1-43E1-B6EF-3CE43E253CAE}.Release|Any CPU.ActiveCfg = Release|Any CPU
		{03693D7F-39D1-43E1-B6EF-3CE43E253CAE}.Release|Any CPU.Build.0 = Release|Any CPU
		{656DEA38-FD97-4F15-BB1C-3526EC533F8D}.Debug|Any CPU.ActiveCfg = Debug|Any CPU
		{656DEA38-FD97-4F15-BB1C-3526EC533F8D}.Debug|Any CPU.Build.0 = Debug|Any CPU
		{656DEA38-FD97-4F15-BB1C-3526EC533F8D}.Release|Any CPU.ActiveCfg = Release|Any CPU
		{656DEA38-FD97-4F15-BB1C-3526EC533F8D}.Release|Any CPU.Build.0 = Release|Any CPU
	EndGlobalSection
	GlobalSection(SolutionProperties) = preSolution
		HideSolutionNode = FALSE
	EndGlobalSection
	GlobalSection(NestedProjects) = preSolution
		{4D6C61B7-9CAF-4C29-8167-D636A855C57E} = {02EA681E-C7D8-13C7-8484-4AC65E1B71E8}
		{E5BAAF55-5C9B-45EA-87A3-8027332FA92B} = {6919D398-071A-4D7B-B079-0AF9BF0AD558}
		{B45ADE6A-4E09-44AB-B077-CD8984A755FA} = {02EA681E-C7D8-13C7-8484-4AC65E1B71E8}
		{ADC73CA6-37CC-42F6-9E04-3D1510C569A6} = {02EA681E-C7D8-13C7-8484-4AC65E1B71E8}
		{03693D7F-39D1-43E1-B6EF-3CE43E253CAE} = {6919D398-071A-4D7B-B079-0AF9BF0AD558}
		{656DEA38-FD97-4F15-BB1C-3526EC533F8D} = {02EA681E-C7D8-13C7-8484-4AC65E1B71E8}
	EndGlobalSection
	GlobalSection(ExtensibilityGlobals) = postSolution
		SolutionGuid = {B1A8D3EF-2F14-49C8-A47C-B8167198E820}
	EndGlobalSection
EndGlobal
